
Microsoft Visual Studio Solution File, Format Version 12.00
# Visual Studio Version 17
VisualStudioVersion = 17.7.34221.43
MinimumVisualStudioVersion = 10.0.40219.1
Project("{FAE04EC0-301F-11D3-BF4B-00C04F79EFBC}") = "tutorial2023_GUI", "tutorial2023_GUI\tutorial2023_GUI.csproj", "{E5B766DE-D9C5-4A53-9307-B2A5738FEA57}"
EndProject
Project("{FAE04EC0-301F-11D3-BF4B-00C04F79EFBC}") = "tut2_button", "tut2_button\tut2_button.csproj", "{7E1A9286-96C7-43A3-802C-6FA2C449E32A}"
EndProject
Project("{FAE04EC0-301F-11D3-BF4B-00C04F79EFBC}") = "Tut3_Editor", "Tut3\Tut3_Editor.csproj", "{07BA6727-38F7-4AFB-B95D-C72C4F0B0477}"
EndProject
Project("{FAE04EC0-301F-11D3-BF4B-00C04F79EFBC}") = "Tut4_calc", "Tut4_calc\Tut4_calc.csproj", "{E9DFEA6B-C93D-4649-8188-D1DD19F46E01}"
EndProject
Global
	GlobalSection(SolutionConfigurationPlatforms) = preSolution
		Debug|Any CPU = Debug|Any CPU
		Release|Any CPU = Release|Any CPU
	EndGlobalSection
	GlobalSection(ProjectConfigurationPlatforms) = postSolution
		{E5B766DE-D9C5-4A53-9307-B2A5738FEA57}.Debug|Any CPU.ActiveCfg = Debug|Any CPU
		{E5B766DE-D9C5-4A53-9307-B2A5738FEA57}.Debug|Any CPU.Build.0 = Debug|Any CPU
		{E5B766DE-D9C5-4A53-9307-B2A5738FEA57}.Release|Any CPU.ActiveCfg = Release|Any CPU
		{E5B766DE-D9C5-4A53-9307-B2A5738FEA57}.Release|Any CPU.Build.0 = Release|Any CPU
		{7E1A9286-96C7-43A3-802C-6FA2C449E32A}.Debug|Any CPU.ActiveCfg = Debug|Any CPU
		{7E1A9286-96C7-43A3-802C-6FA2C449E32A}.Debug|Any CPU.Build.0 = Debug|Any CPU
		{7E1A9286-96C7-43A3-802C-6FA2C449E32A}.Release|Any CPU.ActiveCfg = Release|Any CPU
		{7E1A9286-96C7-43A3-802C-6FA2C449E32A}.Release|Any CPU.Build.0 = Release|Any CPU
		{07BA6727-38F7-4AFB-B95D-C72C4F0B0477}.Debug|Any CPU.ActiveCfg = Debug|Any CPU
		{07BA6727-38F7-4AFB-B95D-C72C4F0B0477}.Debug|Any CPU.Build.0 = Debug|Any CPU
		{07BA6727-38F7-4AFB-B95D-C72C4F0B0477}.Release|Any CPU.ActiveCfg = Release|Any CPU
		{07BA6727-38F7-4AFB-B95D-C72C4F0B0477}.Release|Any CPU.Build.0 = Release|Any CPU
		{E9DFEA6B-C93D-4649-8188-D1DD19F46E01}.Debug|Any CPU.ActiveCfg = Debug|Any CPU
		{E9DFEA6B-C93D-4649-8188-D1DD19F46E01}.Debug|Any CPU.Build.0 = Debug|Any CPU
		{E9DFEA6B-C93D-4649-8188-D1DD19F46E01}.Release|Any CPU.ActiveCfg = Release|Any CPU
		{E9DFEA6B-C93D-4649-8188-D1DD19F46E01}.Release|Any CPU.Build.0 = Release|Any CPU
	EndGlobalSection
	GlobalSection(SolutionProperties) = preSolution
		HideSolutionNode = FALSE
	EndGlobalSection
	GlobalSection(ExtensibilityGlobals) = postSolution
		SolutionGuid = {9AB100D1-A571-4E21-8186-BF6D0F12848B}
	EndGlobalSection
EndGlobal
